
Microsoft Visual Studio Solution File, Format Version 12.00
Project("{FAE04EC0-301F-11D3-BF4B-00C04F79EFBC}") = "Shop.UI", "Shop.UI\Shop.UI.csproj", "{4E1FF49A-E70B-40FF-BDE2-E062A65A6218}"
EndProject
Project("{FAE04EC0-301F-11D3-BF4B-00C04F79EFBC}") = "Shop.Domain", "Shop.Domain\Shop.Domain.csproj", "{5F56AFA4-0438-4E8D-9E65-6776219578DF}"
EndProject
Project("{FAE04EC0-301F-11D3-BF4B-00C04F79EFBC}") = "Shop.Application", "Shop.Application\Shop.Application.csproj", "{C10650A8-CDFD-4B68-9331-1A98FF8002F8}"
EndProject
Project("{FAE04EC0-301F-11D3-BF4B-00C04F79EFBC}") = "Shop.Database", "Shop.Database\Shop.Database.csproj", "{2EC810AC-E8CE-4B41-9A05-47D0AACAB8AA}"
EndProject
Global
	GlobalSection(SolutionConfigurationPlatforms) = preSolution
		Debug|Any CPU = Debug|Any CPU
		Release|Any CPU = Release|Any CPU
	EndGlobalSection
	GlobalSection(ProjectConfigurationPlatforms) = postSolution
		{4E1FF49A-E70B-40FF-BDE2-E062A65A6218}.Debug|Any CPU.ActiveCfg = Debug|Any CPU
		{4E1FF49A-E70B-40FF-BDE2-E062A65A6218}.Debug|Any CPU.Build.0 = Debug|Any CPU
		{4E1FF49A-E70B-40FF-BDE2-E062A65A6218}.Release|Any CPU.ActiveCfg = Release|Any CPU
		{4E1FF49A-E70B-40FF-BDE2-E062A65A6218}.Release|Any CPU.Build.0 = Release|Any CPU
		{5F56AFA4-0438-4E8D-9E65-6776219578DF}.Debug|Any CPU.ActiveCfg = Debug|Any CPU
		{5F56AFA4-0438-4E8D-9E65-6776219578DF}.Debug|Any CPU.Build.0 = Debug|Any CPU
		{5F56AFA4-0438-4E8D-9E65-6776219578DF}.Release|Any CPU.ActiveCfg = Release|Any CPU
		{5F56AFA4-0438-4E8D-9E65-6776219578DF}.Release|Any CPU.Build.0 = Release|Any CPU
		{C10650A8-CDFD-4B68-9331-1A98FF8002F8}.Debug|Any CPU.ActiveCfg = Debug|Any CPU
		{C10650A8-CDFD-4B68-9331-1A98FF8002F8}.Debug|Any CPU.Build.0 = Debug|Any CPU
		{C10650A8-CDFD-4B68-9331-1A98FF8002F8}.Release|Any CPU.ActiveCfg = Release|Any CPU
		{C10650A8-CDFD-4B68-9331-1A98FF8002F8}.Release|Any CPU.Build.0 = Release|Any CPU
		{2EC810AC-E8CE-4B41-9A05-47D0AACAB8AA}.Debug|Any CPU.ActiveCfg = Debug|Any CPU
		{2EC810AC-E8CE-4B41-9A05-47D0AACAB8AA}.Debug|Any CPU.Build.0 = Debug|Any CPU
		{2EC810AC-E8CE-4B41-9A05-47D0AACAB8AA}.Release|Any CPU.ActiveCfg = Release|Any CPU
		{2EC810AC-E8CE-4B41-9A05-47D0AACAB8AA}.Release|Any CPU.Build.0 = Release|Any CPU
	EndGlobalSection
EndGlobal
